# This file is autogenerated, do not edit; changes may be undone by the next 'dep ensure'.


[[projects]]
  digest = "1:4a799555f4a58b849ca3a3bed67c10ca484a2d3cedf4199773211d04b0109793"
  name = "cloud.google.com/go"
  packages = [
    "civil",
    "compute/metadata",
    "iam",
    "internal",
    "internal/atomiccache",
    "internal/fields",
    "internal/optional",
    "internal/protostruct",
    "internal/trace",
    "internal/version",
    "longrunning",
    "longrunning/autogen",
    "spanner",
    "spanner/admin/database/apiv1",
    "storage",
  ]
  pruneopts = "UT"
  revision = "c728a003b238b26cef9ab6753a5dc424b331c3ad"
  version = "v0.27.0"

[[projects]]
  branch = "master"
  digest = "1:6da51e5ec493ad2b44cb04129e2d0a068c8fb9bd6cb5739d199573558696bb94"
  name = "github.com/Azure/go-ansiterm"
  packages = [
    ".",
    "winterm",
  ]
  pruneopts = "UT"
  revision = "d6e3b3328b783f23731bc4d058875b0371ff8109"

[[projects]]
  digest = "1:f9ae348e1f793dcf9ed930ed47136a67343dbd6809c5c91391322267f4476892"
  name = "github.com/Microsoft/go-winio"
  packages = ["."]
  pruneopts = "UT"
  revision = "97e4973ce50b2ff5f09635a57e2b88a037aae829"
  version = "v0.4.11"

[[projects]]
  branch = "master"
  digest = "1:3721a10686511b80c052323423f0de17a8c06d417dbdd3b392b1578432a33aae"
  name = "github.com/Nvveen/Gotty"
  packages = ["."]
  pruneopts = "UT"
  revision = "cd527374f1e5bff4938207604a14f2e38a9cf512"

[[projects]]
  digest = "1:1d58a675bc7df5691f81b4a28a39d2d218f020b23644a6c7771f7ebaab272ac8"
  name = "github.com/aws/aws-sdk-go"
  packages = [
    "aws",
    "aws/awserr",
    "aws/awsutil",
    "aws/client",
    "aws/client/metadata",
    "aws/corehandlers",
    "aws/credentials",
    "aws/credentials/ec2rolecreds",
    "aws/credentials/endpointcreds",
    "aws/credentials/stscreds",
    "aws/csm",
    "aws/defaults",
    "aws/ec2metadata",
    "aws/endpoints",
    "aws/request",
    "aws/session",
    "aws/signer/v4",
    "internal/s3err",
    "internal/sdkio",
    "internal/sdkrand",
    "internal/sdkuri",
    "internal/shareddefaults",
    "private/protocol",
    "private/protocol/eventstream",
    "private/protocol/eventstream/eventstreamapi",
    "private/protocol/query",
    "private/protocol/query/queryutil",
    "private/protocol/rest",
    "private/protocol/restxml",
    "private/protocol/xml/xmlutil",
    "service/s3",
    "service/s3/s3iface",
    "service/sts",
  ]
  pruneopts = "UT"
  revision = "bf8067ceb6e7f51e150c218972dccfeeed892b85"
  version = "v1.15.54"

[[projects]]
  branch = "master"
  digest = "1:5a75ff130630f57609ffca00d6a76dc31bb50ad6a03809848e0f9e13add31987"
  name = "github.com/cockroachdb/cockroach-go"
  packages = ["crdb"]
  pruneopts = "UT"
  revision = "e0a95dfd547cc9c3ebaaba1a12c2afe4bf621ac5"

[[projects]]
  branch = "master"
  digest = "1:3ba3d94d45f2d5c4b3411452474d96996b7e0dce730b689920f7c307511e5655"
  name = "github.com/cznic/b"
  packages = ["."]
  pruneopts = "UT"
  revision = "35e9bbe41f07452a183c517a5fc5f3c9f45eaa0f"

[[projects]]
  branch = "master"
  digest = "1:4688e1d4b22367c5bd24fe65f44b3e53a443a93fd19cf34169f1c8337d93dcf7"
  name = "github.com/cznic/fileutil"
  packages = ["."]
  pruneopts = "UT"
  revision = "6a051e75936f623600b67c2b1116b6b6c0ffb936"

[[projects]]
  branch = "master"
  digest = "1:2a4afef2ef0e4e4ab66b4f4f6a70bf6551ae8b727184771b5547e2b90245fe58"
  name = "github.com/cznic/golex"
  packages = ["lex"]
  pruneopts = "UT"
  revision = "4ab7c5e190e49208c823ce8ec803aa39e6a4b31a"

[[projects]]
  digest = "1:a9e2943ed681d4758a43d1bd9e80d7e993b66ce5adc7aa5dcc083ba48a47a4eb"
  name = "github.com/cznic/internal"
  packages = [
    "buffer",
    "file",
    "slice",
  ]
  pruneopts = "UT"
  revision = "cef02a853c3a93623c42eacd574e7ea05f55531b"
  version = "1.0.0"

[[projects]]
  digest = "1:ec7b58207ac8eee1c554b7947b3f5124f711238a80edb7224a53bae7263c95ae"
  name = "github.com/cznic/lldb"
  packages = ["."]
  pruneopts = "UT"
  revision = "bea8611dd5c407f3c5eab9f9c68e887a27dc6f0e"
  version = "v1.1.0"

[[projects]]
  branch = "master"
  digest = "1:42951d361293c2f7068ab0411afeb57856afba843fe681cea1e2731b47021222"
  name = "github.com/cznic/mathutil"
  packages = ["."]
  pruneopts = "UT"
  revision = "ca4c9f2c136954238c3158b92de72078c7672ecc"

[[projects]]
  digest = "1:336a34e066968a8e30ee73a0d4419f37d3e8286b94f996cddf46a5e82d13b2fa"
  name = "github.com/cznic/ql"
  packages = [
    ".",
    "driver",
    "vendored/github.com/camlistore/go4/lock",
  ]
  pruneopts = "UT"
  revision = "47bf73cf8ed137969f12b223b7016784cdd9d42e"
  version = "v1.2.0"

[[projects]]
  branch = "master"
  digest = "1:06877d57543857a87186f43b6195bbdf5e8f4a0f51412fdf4baef504cead7973"
  name = "github.com/cznic/sortutil"
  packages = ["."]
  pruneopts = "UT"
  revision = "4c7342852e65c2088c981288f2c5610d10b9f7f4"

[[projects]]
  branch = "master"
  digest = "1:8a26e11e94f1c9f03ab9fc1e816b003629d41b26ab41eefcb7444fad5b24fc4b"
  name = "github.com/cznic/strutil"
  packages = ["."]
  pruneopts = "UT"
  revision = "529a34b1c186b483642a7a230c67521d9aa4b0fb"

[[projects]]
  branch = "master"
  digest = "1:bb8236408f88f411f565dffcf1e648fe34c7456820b707f96ccbfb89e1cd8eeb"
  name = "github.com/cznic/zappy"
  packages = ["."]
  pruneopts = "UT"
  revision = "2533cb5b45cc6c07421468ce262899ddc9d53fb7"

[[projects]]
  digest = "1:8779ca6bbfd7b38a775f89f564834d2f1031fbf337f2eb5f18f115e40ca9a290"
  name = "github.com/dhui/dktest"
  packages = ["."]
  pruneopts = "UT"
  revision = "d72c967df8c2fb5403bfc0c37425986977343f6a"
  version = "v0.3.0"

[[projects]]
  branch = "master"
  digest = "1:4ddc17aeaa82cb18c5f0a25d7c253a10682f518f4b2558a82869506eec223d76"
  name = "github.com/docker/distribution"
  packages = [
    "digestset",
    "reference",
  ]
  pruneopts = "UT"
  revision = "1cb4180b1a5b9c029b2f2beaeb38f0b5cf64e12e"

[[projects]]
  digest = "1:8a2c57c577e78f40e2b3cd34ba1d050d9afd1060f91552ea03704324d1f50024"
  name = "github.com/docker/docker"
  packages = [
    "api",
    "api/types",
    "api/types/blkiodev",
    "api/types/container",
    "api/types/events",
    "api/types/filters",
    "api/types/image",
    "api/types/mount",
    "api/types/network",
    "api/types/registry",
    "api/types/strslice",
    "api/types/swarm",
    "api/types/swarm/runtime",
    "api/types/time",
    "api/types/versions",
    "api/types/volume",
    "client",
    "pkg/jsonmessage",
    "pkg/term",
    "pkg/term/windows",
  ]
  pruneopts = "UT"
  revision = "453f2b8b40b923862ce1c08c11531ff5042770f1"

[[projects]]
  digest = "1:811c86996b1ca46729bad2724d4499014c4b9effd05ef8c71b852aad90deb0ce"
  name = "github.com/docker/go-connections"
  packages = [
    "nat",
    "sockets",
    "tlsconfig",
  ]
  pruneopts = "UT"
  revision = "7395e3f8aa162843a74ed6d48e79627d9792ac55"
  version = "v0.4.0"

[[projects]]
  digest = "1:6f82cacd0af5921e99bf3f46748705239b36489464f4529a1589bc895764fb18"
  name = "github.com/docker/go-units"
  packages = ["."]
  pruneopts = "UT"
  revision = "47565b4f722fb6ceae66b95f853feed578a4a51c"
  version = "v0.3.3"

[[projects]]
  branch = "master"
  digest = "1:67d0b50be0549e610017cb91e0b0b745ec0cad7c613bc8e18ff2d1c1fc8825a7"
  name = "github.com/edsrzf/mmap-go"
  packages = ["."]
  pruneopts = "UT"
  revision = "0bce6a6887123b67a60366d2c9fe2dfb74289d2e"

[[projects]]
  digest = "1:812c304ad1cbb214459f7a198cc246a9c8a114a6a92063cef7b31c4ec42a5d6c"
  name = "github.com/fsouza/fake-gcs-server"
  packages = [
    "fakestorage",
    "internal/backend",
  ]
  pruneopts = "UT"
  revision = "9f9efdc50d6ad4314a4ff85646341f2a9b75ae5f"
  version = "v1.3.0"

[[projects]]
  digest = "1:15e27372d379b45b18ac917b9dafc45c45485239490ece18cca97a12f9591146"
  name = "github.com/go-ini/ini"
  packages = ["."]
  pruneopts = "UT"
  revision = "9c8236e659b76e87bf02044d06fde8683008ff3e"
  version = "v1.39.0"

[[projects]]
  digest = "1:ec6f9bf5e274c833c911923c9193867f3f18788c461f76f05f62bb1510e0ae65"
  name = "github.com/go-sql-driver/mysql"
  packages = ["."]
  pruneopts = "UT"
  revision = "72cd26f257d44c1114970e19afddcd812016007e"
  version = "v1.4.1"

[[projects]]
  digest = "1:586ea76dbd0374d6fb649a91d70d652b7fe0ccffb8910a77468e7702e7901f3d"
  name = "github.com/go-stack/stack"
  packages = ["."]
  pruneopts = "UT"
  revision = "2fee6af1a9795aafbe0253a0cfbdf668e1fb8a9a"
  version = "v1.8.0"

[[projects]]
  branch = "master"
  digest = "1:1a5f28249f1a5b118994359a1c7b8c53ee1ff47aa7fe65884fbd20cd237001f4"
  name = "github.com/gocql/gocql"
  packages = [
    ".",
    "internal/lru",
    "internal/murmur",
    "internal/streams",
  ]
  pruneopts = "UT"
  revision = "70385f88b28b43805bd83d212169ab2d38810b15"

[[projects]]
  digest = "1:bbadccf3d3317ea03c0dac0b45b673b4b397c8f91a1d2eff550a3c51c4ad770e"
  name = "github.com/gogo/protobuf"
  packages = ["proto"]
  pruneopts = "UT"
  revision = "636bf0302bc95575d69441b25a2603156ffdddf1"
  version = "v1.1.1"

[[projects]]
  digest = "1:ec0bde6dc8cf3cb9254f79603bd8489c366a0a8584949cac5a73fa10b9f47c21"
  name = "github.com/golang/protobuf"
  packages = [
    "proto",
    "protoc-gen-go/descriptor",
    "ptypes",
    "ptypes/any",
    "ptypes/duration",
    "ptypes/empty",
    "ptypes/struct",
    "ptypes/timestamp",
  ]
  pruneopts = "UT"
  revision = "aa810b61a9c79d51363740d207bb46cf8e620ed5"
  version = "v1.2.0"

[[projects]]
  branch = "master"
  digest = "1:4a0c6bb4805508a6287675fac876be2ac1182539ca8a32468d8128882e9d5009"
  name = "github.com/golang/snappy"
  packages = ["."]
  pruneopts = "UT"
  revision = "2e65f85255dbc3072edf28d6b5b8efc472979f5a"

[[projects]]
  digest = "1:f3fb942d9a52aff79191a8318317147ab76ca609bced931b8be9ab1825569993"
  name = "github.com/google/go-github"
  packages = ["github"]
  pruneopts = "UT"
  revision = "747f93dd9b489bd56f7442b3c42bfea12800a75b"
  version = "v17.0.0"

[[projects]]
  digest = "1:a63cff6b5d8b95638bfe300385d93b2a6d9d687734b863da8e09dc834510a690"
  name = "github.com/google/go-querystring"
  packages = ["query"]
  pruneopts = "UT"
  revision = "44c6ddd0a2342c386950e880b658017258da92fc"
  version = "v1.0.0"

[[projects]]
  digest = "1:e145e9710a10bc114a6d3e2738aadf8de146adaa031854ffdf7bbfe15da85e63"
  name = "github.com/googleapis/gax-go"
  packages = ["."]
  pruneopts = "UT"
  revision = "317e0006254c44a0ac427cc52a0e083ff0b9622f"
  version = "v2.0.0"

[[projects]]
  digest = "1:c79fb010be38a59d657c48c6ba1d003a8aa651fa56b579d959d74573b7dff8e1"
  name = "github.com/gorilla/context"
  packages = ["."]
  pruneopts = "UT"
  revision = "08b5f424b9271eedf6f9f0ce86cb9396ed337a42"
  version = "v1.1.1"

[[projects]]
  digest = "1:e73f5b0152105f18bc131fba127d9949305c8693f8a762588a82a48f61756f5f"
  name = "github.com/gorilla/mux"
  packages = ["."]
  pruneopts = "UT"
  revision = "e3702bed27f0d39777b0b37b664b6280e8ef8fbf"
  version = "v1.6.2"

[[projects]]
  branch = "master"
  digest = "1:364b908b9b27b97ab838f2f6f1b1f46281fa29b978a037d72a9b1d4f6d940190"
  name = "github.com/hailocab/go-hostpool"
  packages = ["."]
  pruneopts = "UT"
  revision = "e80d13ce29ede4452c43dea11e79b9bc8a15b478"

[[projects]]
  digest = "1:0ade334594e69404d80d9d323445d2297ff8161637f9b2d347cc6973d2d6f05b"
  name = "github.com/hashicorp/errwrap"
  packages = ["."]
  pruneopts = "UT"
  revision = "8a6fb523712970c966eefc6b39ed2c5e74880354"
  version = "v1.0.0"

[[projects]]
  digest = "1:f668349b83f7d779567c880550534addeca7ebadfdcf44b0b9c39be61864b4b7"
  name = "github.com/hashicorp/go-multierror"
  packages = ["."]
  pruneopts = "UT"
  revision = "886a7fbe3eb1c874d46f623bfa70af45f425b3d1"
  version = "v1.0.0"

[[projects]]
  digest = "1:8dfbec76b4834d96c37ba4c4969fc47c9a15e67c5a7eecfa031fbe67dab50429"
  name = "github.com/jackc/pgx"
  packages = [
    ".",
    "chunkreader",
    "internal/sanitize",
    "pgio",
    "pgproto3",
    "pgtype",
  ]
  pruneopts = "UT"
  revision = "89f1e6ac7276b61d885db5e5aed6fcbedd1c7e31"
  version = "v3.2.0"

[[projects]]
  digest = "1:e22af8c7518e1eab6f2eab2b7d7558927f816262586cd6ed9f349c97a6c285c4"
  name = "github.com/jmespath/go-jmespath"
  packages = ["."]
  pruneopts = "UT"
  revision = "0b12d6b5"

[[projects]]
  digest = "1:0a69a1c0db3591fcefb47f115b224592c8dfa4368b7ba9fae509d5e16cdc95c8"
  name = "github.com/konsorten/go-windows-terminal-sequences"
  packages = ["."]
  pruneopts = "UT"
  revision = "5c8c8bd35d3832f5d134ae1e1e375b69a4d25242"
  version = "v1.0.1"

[[projects]]
  digest = "1:f02dbf2124e5dfb5305a6c3c8957a41d54a89d2a3ef60f030769f86e7851d5f5"
  name = "github.com/kshvakov/clickhouse"
  packages = [
    ".",
    "lib/binary",
    "lib/column",
    "lib/data",
    "lib/protocol",
    "lib/types",
    "lib/writebuffer",
  ]
  pruneopts = "UT"
  revision = "aeedb7b9d0584f393905447021238b5c6e9c5154"
  version = "v1.3.4"

[[projects]]
  digest = "1:8ef506fc2bb9ced9b151dafa592d4046063d744c646c1bbe801982ce87e4bc24"
  name = "github.com/lib/pq"
  packages = [
    ".",
    "oid",
  ]
  pruneopts = "UT"
  revision = "4ded0e9383f75c197b3a2aaa6d590ac52df6fd79"
  version = "v1.0.0"

[[projects]]
  digest = "1:3cafc6a5a1b8269605d9df4c6956d43d8011fc57f266ca6b9d04da6c09dee548"
  name = "github.com/mattn/go-sqlite3"
  packages = ["."]
  pruneopts = "UT"
  revision = "25ecb14adfc7543176f7d85291ec7dba82c6f7e4"
  version = "v1.9.0"

[[projects]]
  digest = "1:820eeb72f78947f9b2e87bd99a57b5cc791c8fb47676a5c3824d408441ab1546"
  name = "github.com/mongodb/mongo-go-driver"
  packages = [
    "bson",
    "bson/bsoncodec",
    "bson/bsonrw",
    "bson/bsontype",
    "bson/primitive",
    "event",
    "internal",
    "mongo",
    "mongo/options",
    "mongo/readconcern",
    "mongo/readpref",
    "mongo/writeconcern",
    "tag",
    "version",
    "x/bsonx",
    "x/bsonx/bsoncore",
    "x/mongo/driver",
    "x/mongo/driver/auth",
    "x/mongo/driver/auth/internal/gssapi",
    "x/mongo/driver/session",
    "x/mongo/driver/topology",
    "x/mongo/driver/uuid",
    "x/network/address",
    "x/network/command",
    "x/network/compressor",
    "x/network/connection",
    "x/network/connstring",
    "x/network/description",
    "x/network/result",
    "x/network/wiremessage",
  ]
  pruneopts = "UT"
  revision = "29905d4bda472574c8b499e2f93b5b2747d8fbd7"
  version = "v0.1.0"

[[projects]]
  digest = "1:ee4d4af67d93cc7644157882329023ce9a7bcfce956a079069a9405521c7cc8d"
  name = "github.com/opencontainers/go-digest"
  packages = ["."]
  pruneopts = "UT"
  revision = "279bed98673dd5bef374d3b6e4b09e2af76183bf"
  version = "v1.0.0-rc1"

[[projects]]
  digest = "1:11db38d694c130c800d0aefb502fb02519e514dc53d9804ce51d1ad25ec27db6"
  name = "github.com/opencontainers/image-spec"
  packages = [
    "specs-go",
    "specs-go/v1",
  ]
  pruneopts = "UT"
  revision = "d60099175f88c47cd379c4738d158884749ed235"
  version = "v1.0.1"

[[projects]]
  digest = "1:40e195917a951a8bf867cd05de2a46aaf1806c50cf92eebf4c16f78cd196f747"
  name = "github.com/pkg/errors"
  packages = ["."]
  pruneopts = "UT"
  revision = "645ef00459ed84a119197bfb8d8205042c6df63d"
  version = "v0.8.0"

[[projects]]
  digest = "1:87c2e02fb01c27060ccc5ba7c5a407cc91147726f8f40b70cceeedbc52b1f3a8"
  name = "github.com/sirupsen/logrus"
  packages = ["."]
  pruneopts = "UT"
  revision = "e1e72e9de974bd926e5c56f83753fba2df402ce5"
  version = "v1.3.0"

[[projects]]
  branch = "master"
  digest = "1:40fdfd6ab85ca32b6935853bbba35935dcb1d796c8135efd85947566c76e662e"
  name = "github.com/xdg/scram"
  packages = ["."]
  pruneopts = "UT"
  revision = "7eeb5667e42c09cb51bf7b7c28aea8c56767da90"

[[projects]]
  branch = "master"
  digest = "1:f5c1d04bc09c644c592b45b9f0bad4030521b1a7d11c7dadbb272d9439fa6e8e"
  name = "github.com/xdg/stringprep"
  packages = ["."]
  pruneopts = "UT"
  revision = "73f8eece6fdcd902c185bf651de50f3828bed5ed"

[[projects]]
  digest = "1:8e7fcf54cc7c0c3aba7801812ae70343585b3cb663f6cb11ad50c0c28552f359"
  name = "go.opencensus.io"
  packages = [
    ".",
    "internal",
    "internal/tagencoding",
    "plugin/ocgrpc",
    "plugin/ochttp",
    "plugin/ochttp/propagation/b3",
    "stats",
    "stats/internal",
    "stats/view",
    "tag",
    "trace",
    "trace/internal",
    "trace/propagation",
    "trace/tracestate",
  ]
  pruneopts = "UT"
  revision = "79993219becaa7e29e3b60cb67f5b8e82dee11d6"
  version = "v0.17.0"

[[projects]]
  branch = "master"
  digest = "1:9ff2b9f8d4e47013a213b9ea0d850ed787c51f5eab2038842d82397ad85a19c1"
  name = "golang.org/x/crypto"
  packages = [
    "pbkdf2",
    "ssh/terminal",
  ]
  pruneopts = "UT"
  revision = "8d7daa0c54b357f3071e11eaef7efc4e19a417e2"

[[projects]]
  branch = "master"
  digest = "1:56975096c005d57a2c9c2faefbec772c44c29c084af35facbfca85961469ff6d"
  name = "golang.org/x/net"
  packages = [
    "context",
    "context/ctxhttp",
    "http/httpguts",
    "http2",
    "http2/hpack",
    "idna",
    "internal/socks",
    "internal/timeseries",
    "proxy",
    "trace",
  ]
  pruneopts = "UT"
  revision = "49bb7cea24b1df9410e1712aa6433dae904ff66a"

[[projects]]
  branch = "master"
  digest = "1:39273b3e6c96fed52bd8f7793fc463c40b1a27a7caa51302b81d45306b9646b4"
  name = "golang.org/x/oauth2"
  packages = [
    ".",
    "google",
    "internal",
    "jws",
    "jwt",
  ]
  pruneopts = "UT"
  revision = "c57b0facaced709681d9f90397429b9430a74754"

[[projects]]
  branch = "master"
  digest = "1:75515eedc0dc2cb0b40372008b616fa2841d831c63eedd403285ff286c593295"
  name = "golang.org/x/sync"
  packages = ["semaphore"]
  pruneopts = "UT"
  revision = "37e7f081c4d4c64e13b10787722085407fe5d15f"

[[projects]]
  branch = "master"
  digest = "1:f5aa274a0377f85735edc7fedfb0811d3cbc20af91633797cb359e29c3272271"
  name = "golang.org/x/sys"
  packages = [
    "unix",
    "windows",
  ]
  pruneopts = "UT"
  revision = "fa43e7bc11baaae89f3f902b2b4d832b68234844"

[[projects]]
  digest = "1:a2ab62866c75542dd18d2b069fec854577a20211d7c0ea6ae746072a1dccdd18"
  name = "golang.org/x/text"
  packages = [
    "collate",
    "collate/build",
    "internal/colltab",
    "internal/gen",
    "internal/tag",
    "internal/triegen",
    "internal/ucd",
    "language",
    "secure/bidirule",
    "transform",
    "unicode/bidi",
    "unicode/cldr",
    "unicode/norm",
    "unicode/rangetable",
  ]
  pruneopts = "UT"
  revision = "f21a4dfb5e38f5895301dc265a8def02365cc3d0"
  version = "v0.3.0"

[[projects]]
  branch = "master"
  digest = "1:fc393bc931c39e70d322b5158a90ef38e1a1617afdffb4efaaa4567f5c4f0410"
  name = "golang.org/x/tools"
  packages = [
    "godoc/vfs",
    "godoc/vfs/mapfs",
  ]
  pruneopts = "UT"
  revision = "8919434dde1e35f7b9ef589ecb80ec0833f021bc"

[[projects]]
  branch = "master"
  digest = "1:c8a31b4403741a053bf08594b91189ec63c96b041bdfddef06a272f42549f2cf"
  name = "google.golang.org/api"
  packages = [
    "gensupport",
    "googleapi",
    "googleapi/internal/uritemplates",
    "googleapi/transport",
    "internal",
    "iterator",
    "option",
    "storage/v1",
    "transport",
    "transport/grpc",
    "transport/http",
    "transport/http/internal/propagation",
  ]
  pruneopts = "UT"
  revision = "625cd1887957946515db468ce519bb71fa31fc7f"

[[projects]]
  digest = "1:d2cfb607095cee410f25a3c04eed77f76c4721d1bb0cbc894f5d8624b33394c8"
  name = "google.golang.org/appengine"
  packages = [
    ".",
    "cloudsql",
    "internal",
    "internal/app_identity",
    "internal/base",
    "internal/datastore",
    "internal/log",
    "internal/modules",
    "internal/remote_api",
    "internal/socket",
    "internal/urlfetch",
    "socket",
    "urlfetch",
  ]
  pruneopts = "UT"
  revision = "ae0ab99deb4dc413a2b4bd6c8bdd0eb67f1e4d06"
  version = "v1.2.0"

[[projects]]
  branch = "master"
  digest = "1:315f8fe35ad73727d15b20fc3a533e7ab9ea8f0c3ff6441753d04086e5ca5003"
  name = "google.golang.org/genproto"
  packages = [
    "googleapis/api/annotations",
    "googleapis/iam/v1",
    "googleapis/longrunning",
    "googleapis/rpc/code",
    "googleapis/rpc/errdetails",
    "googleapis/rpc/status",
    "googleapis/spanner/admin/database/v1",
    "googleapis/spanner/v1",
  ]
  pruneopts = "UT"
  revision = "af9cb2a35e7f169ec875002c1829c9b315cddc04"

[[projects]]
  digest = "1:4ad047d772a7d4841687df9534a767a9e243885ed6d7d2ced6af5995a5dc44b3"
  name = "google.golang.org/grpc"
  packages = [
    ".",
    "balancer",
    "balancer/base",
    "balancer/roundrobin",
    "codes",
    "connectivity",
    "credentials",
    "credentials/oauth",
    "encoding",
    "encoding/proto",
    "grpclog",
    "internal",
    "internal/backoff",
    "internal/channelz",
    "internal/envconfig",
    "internal/grpcrand",
    "internal/transport",
    "keepalive",
    "metadata",
    "naming",
    "peer",
    "resolver",
    "resolver/dns",
    "resolver/passthrough",
    "stats",
    "status",
    "tap",
  ]
  pruneopts = "UT"
  revision = "8dea3dc473e90c8179e519d91302d0597c0ca1d1"
  version = "v1.15.0"

[[projects]]
  digest = "1:2d1fbdc6777e5408cabeb02bf336305e724b925ff4546ded0fa8715a7267922a"
  name = "gopkg.in/inf.v0"
  packages = ["."]
  pruneopts = "UT"
  revision = "d2d2541c53f18d2a059457998ce2876cc8e67cbf"
  version = "v0.9.1"

[solve-meta]
  analyzer-name = "dep"
  analyzer-version = 1
  input-imports = [
    "cloud.google.com/go/spanner",
    "cloud.google.com/go/spanner/admin/database/apiv1",
    "cloud.google.com/go/storage",
    "github.com/aws/aws-sdk-go/aws",
    "github.com/aws/aws-sdk-go/aws/session",
    "github.com/aws/aws-sdk-go/service/s3",
    "github.com/aws/aws-sdk-go/service/s3/s3iface",
    "github.com/cockroachdb/cockroach-go/crdb",
    "github.com/cznic/ql/driver",
    "github.com/dhui/dktest",
    "github.com/docker/docker/api/types",
    "github.com/docker/docker/api/types/container",
    "github.com/docker/docker/api/types/network",
    "github.com/docker/docker/client",
    "github.com/fsouza/fake-gcs-server/fakestorage",
    "github.com/go-sql-driver/mysql",
    "github.com/gocql/gocql",
    "github.com/google/go-github/github",
    "github.com/hashicorp/go-multierror",
    "github.com/kshvakov/clickhouse",
    "github.com/lib/pq",
    "github.com/mattn/go-sqlite3",
    "github.com/mongodb/mongo-go-driver/bson",
    "github.com/mongodb/mongo-go-driver/mongo",
    "github.com/mongodb/mongo-go-driver/x/network/connstring",
    "golang.org/x/net/context",
    "golang.org/x/tools/godoc/vfs",
    "golang.org/x/tools/godoc/vfs/mapfs",
    "google.golang.org/api/iterator",
    "google.golang.org/genproto/googleapis/spanner/admin/database/v1",
  ]
  solver-name = "gps-cdcl"
  solver-version = 1
